// !$*UTF8*$!
{
	archiveVersion = 1;
	classes = {
	};
	objectVersion = 56;
	objects = {

/* Begin PBXBuildFile section */
		F14CB95C2BFB8D64001CBEF9 /* TransactionDetail.swift in Sources */ = {isa = PBXBuildFile; fileRef = F14CB95B2BFB8D64001CBEF9 /* TransactionDetail.swift */; };
		F199D7E92BF8D58D001759EA /* SwiftExpenseTrackerApp.swift in Sources */ = {isa = PBXBuildFile; fileRef = F199D7E82BF8D58D001759EA /* SwiftExpenseTrackerApp.swift */; };
		F199D7EB2BF8D58D001759EA /* ContentView.swift in Sources */ = {isa = PBXBuildFile; fileRef = F199D7EA2BF8D58D001759EA /* ContentView.swift */; };
		F199D7ED2BF8D58F001759EA /* Assets.xcassets in Resources */ = {isa = PBXBuildFile; fileRef = F199D7EC2BF8D58F001759EA /* Assets.xcassets */; };
		F199D7F02BF8D58F001759EA /* Preview Assets.xcassets in Resources */ = {isa = PBXBuildFile; fileRef = F199D7EF2BF8D58F001759EA /* Preview Assets.xcassets */; };
		F199D7F72BF8D747001759EA /* Extensions.swift in Sources */ = {isa = PBXBuildFile; fileRef = F199D7F62BF8D747001759EA /* Extensions.swift */; };
		F199D7F92BF8DA72001759EA /* TransactionModel.swift in Sources */ = {isa = PBXBuildFile; fileRef = F199D7F82BF8DA72001759EA /* TransactionModel.swift */; };
		F199D7FB2BF8DD2B001759EA /* PreviewData.swift in Sources */ = {isa = PBXBuildFile; fileRef = F199D7FA2BF8DD2B001759EA /* PreviewData.swift */; };
		F199D7FD2BF8F199001759EA /* TransactionRow.swift in Sources */ = {isa = PBXBuildFile; fileRef = F199D7FC2BF8F199001759EA /* TransactionRow.swift */; };
		F199D8002BF9002F001759EA /* SwiftUIFontIcon in Frameworks */ = {isa = PBXBuildFile; productRef = F199D7FF2BF9002F001759EA /* SwiftUIFontIcon */; };
		F199D8022BF913ED001759EA /* TransactionListViewModel.swift in Sources */ = {isa = PBXBuildFile; fileRef = F199D8012BF913ED001759EA /* TransactionListViewModel.swift */; };
		F19B0F8D2BF950EE00315E9E /* RecentTransactionList.swift in Sources */ = {isa = PBXBuildFile; fileRef = F19B0F8C2BF950EE00315E9E /* RecentTransactionList.swift */; };
		F1D42A212BFAC47A00BC245F /* TransactionList.swift in Sources */ = {isa = PBXBuildFile; fileRef = F1D42A202BFAC47A00BC245F /* TransactionList.swift */; };
		F1D42A242BFAD09700BC245F /* Collections in Frameworks */ = {isa = PBXBuildFile; productRef = F1D42A232BFAD09700BC245F /* Collections */; };
/* End PBXBuildFile section */

/* Begin PBXFileReference section */
		F14CB95B2BFB8D64001CBEF9 /* TransactionDetail.swift */ = {isa = PBXFileReference; lastKnownFileType = sourcecode.swift; path = TransactionDetail.swift; sourceTree = "<group>"; };
		F199D7E52BF8D58D001759EA /* SwiftExpenseTracker.app */ = {isa = PBXFileReference; explicitFileType = wrapper.application; includeInIndex = 0; path = SwiftExpenseTracker.app; sourceTree = BUILT_PRODUCTS_DIR; };
		F199D7E82BF8D58D001759EA /* SwiftExpenseTrackerApp.swift */ = {isa = PBXFileReference; lastKnownFileType = sourcecode.swift; path = SwiftExpenseTrackerApp.swift; sourceTree = "<group>"; };
		F199D7EA2BF8D58D001759EA /* ContentView.swift */ = {isa = PBXFileReference; lastKnownFileType = sourcecode.swift; path = ContentView.swift; sourceTree = "<group>"; };
		F199D7EC2BF8D58F001759EA /* Assets.xcassets */ = {isa = PBXFileReference; lastKnownFileType = folder.assetcatalog; path = Assets.xcassets; sourceTree = "<group>"; };
		F199D7EF2BF8D58F001759EA /* Preview Assets.xcassets */ = {isa = PBXFileReference; lastKnownFileType = folder.assetcatalog; path = "Preview Assets.xcassets"; sourceTree = "<group>"; };
		F199D7F62BF8D747001759EA /* Extensions.swift */ = {isa = PBXFileReference; lastKnownFileType = sourcecode.swift; path = Extensions.swift; sourceTree = "<group>"; };
		F199D7F82BF8DA72001759EA /* TransactionModel.swift */ = {isa = PBXFileReference; lastKnownFileType = sourcecode.swift; path = TransactionModel.swift; sourceTree = "<group>"; };
		F199D7FA2BF8DD2B001759EA /* PreviewData.swift */ = {isa = PBXFileReference; lastKnownFileType = sourcecode.swift; path = PreviewData.swift; sourceTree = "<group>"; };
		F199D7FC2BF8F199001759EA /* TransactionRow.swift */ = {isa = PBXFileReference; lastKnownFileType = sourcecode.swift; path = TransactionRow.swift; sourceTree = "<group>"; };
		F199D8012BF913ED001759EA /* TransactionListViewModel.swift */ = {isa = PBXFileReference; lastKnownFileType = sourcecode.swift; path = TransactionListViewModel.swift; sourceTree = "<group>"; };
		F19B0F8C2BF950EE00315E9E /* RecentTransactionList.swift */ = {isa = PBXFileReference; lastKnownFileType = sourcecode.swift; path = RecentTransactionList.swift; sourceTree = "<group>"; };
		F1D42A202BFAC47A00BC245F /* TransactionList.swift */ = {isa = PBXFileReference; lastKnownFileType = sourcecode.swift; path = TransactionList.swift; sourceTree = "<group>"; };
/* End PBXFileReference section */

/* Begin PBXFrameworksBuildPhase section */
		F199D7E22BF8D58D001759EA /* Frameworks */ = {
			isa = PBXFrameworksBuildPhase;
			buildActionMask = 2147483647;
			files = (
				F1D42A242BFAD09700BC245F /* Collections in Frameworks */,
				F199D8002BF9002F001759EA /* SwiftUIFontIcon in Frameworks */,
			);
			runOnlyForDeploymentPostprocessing = 0;
		};
/* End PBXFrameworksBuildPhase section */

/* Begin PBXGroup section */
		F199D7DC2BF8D58D001759EA = {
			isa = PBXGroup;
			children = (
				F199D7E72BF8D58D001759EA /* SwiftExpenseTracker */,
				F199D7E62BF8D58D001759EA /* Products */,
			);
			sourceTree = "<group>";
		};
		F199D7E62BF8D58D001759EA /* Products */ = {
			isa = PBXGroup;
			children = (
				F199D7E52BF8D58D001759EA /* SwiftExpenseTracker.app */,
			);
			name = Products;
			sourceTree = "<group>";
		};
		F199D7E72BF8D58D001759EA /* SwiftExpenseTracker */ = {
			isa = PBXGroup;
			children = (
				F199D7E82BF8D58D001759EA /* SwiftExpenseTrackerApp.swift */,
				F199D7EA2BF8D58D001759EA /* ContentView.swift */,
				F19B0F8C2BF950EE00315E9E /* RecentTransactionList.swift */,
				F199D7FC2BF8F199001759EA /* TransactionRow.swift */,
				F14CB95B2BFB8D64001CBEF9 /* TransactionDetail.swift */,
				F199D8012BF913ED001759EA /* TransactionListViewModel.swift */,
				F1D42A202BFAC47A00BC245F /* TransactionList.swift */,
				F199D7F82BF8DA72001759EA /* TransactionModel.swift */,
				F199D7F62BF8D747001759EA /* Extensions.swift */,
				F199D7EC2BF8D58F001759EA /* Assets.xcassets */,
				F199D7EE2BF8D58F001759EA /* Preview Content */,
			);
			path = SwiftExpenseTracker;
			sourceTree = "<group>";
		};
		F199D7EE2BF8D58F001759EA /* Preview Content */ = {
			isa = PBXGroup;
			children = (
				F199D7EF2BF8D58F001759EA /* Preview Assets.xcassets */,
				F199D7FA2BF8DD2B001759EA /* PreviewData.swift */,
			);
			path = "Preview Content";
			sourceTree = "<group>";
		};
/* End PBXGroup section */

/* Begin PBXNativeTarget section */
		F199D7E42BF8D58D001759EA /* SwiftExpenseTracker */ = {
			isa = PBXNativeTarget;
			buildConfigurationList = F199D7F32BF8D58F001759EA /* Build configuration list for PBXNativeTarget "SwiftExpenseTracker" */;
			buildPhases = (
				F199D7E12BF8D58D001759EA /* Sources */,
				F199D7E22BF8D58D001759EA /* Frameworks */,
				F199D7E32BF8D58D001759EA /* Resources */,
			);
			buildRules = (
			);
			dependencies = (
			);
			name = SwiftExpenseTracker;
			packageProductDependencies = (
				F199D7FF2BF9002F001759EA /* SwiftUIFontIcon */,
				F1D42A232BFAD09700BC245F /* Collections */,
			);
			productName = SwiftExpenseTracker;
			productReference = F199D7E52BF8D58D001759EA /* SwiftExpenseTracker.app */;
			productType = "com.apple.product-type.application";
		};
/* End PBXNativeTarget section */

/* Begin PBXProject section */
		F199D7DD2BF8D58D001759EA /* Project object */ = {
			isa = PBXProject;
			attributes = {
				BuildIndependentTargetsInParallel = 1;
				LastSwiftUpdateCheck = 1540;
				LastUpgradeCheck = 1540;
				TargetAttributes = {
					F199D7E42BF8D58D001759EA = {
						CreatedOnToolsVersion = 15.4;
					};
				};
			};
			buildConfigurationList = F199D7E02BF8D58D001759EA /* Build configuration list for PBXProject "SwiftExpenseTracker" */;
			compatibilityVersion = "Xcode 14.0";
			developmentRegion = en;
			hasScannedForEncodings = 0;
			knownRegions = (
				en,
				Base,
			);
			mainGroup = F199D7DC2BF8D58D001759EA;
			packageReferences = (
				F199D7FE2BF9002F001759EA /* XCRemoteSwiftPackageReference "SwiftUIFontIcon" */,
				F1D42A222BFAD09700BC245F /* XCRemoteSwiftPackageReference "swift-collections" */,
			);
			productRefGroup = F199D7E62BF8D58D001759EA /* Products */;
			projectDirPath = "";
			projectRoot = "";
			targets = (
				F199D7E42BF8D58D001759EA /* SwiftExpenseTracker */,
			);
		};
/* End PBXProject section */

/* Begin PBXResourcesBuildPhase section */
		F199D7E32BF8D58D001759EA /* Resources */ = {
			isa = PBXResourcesBuildPhase;
			buildActionMask = 2147483647;
			files = (
				F199D7F02BF8D58F001759EA /* Preview Assets.xcassets in Resources */,
				F199D7ED2BF8D58F001759EA /* Assets.xcassets in Resources */,
			);
			runOnlyForDeploymentPostprocessing = 0;
		};
/* End PBXResourcesBuildPhase section */

/* Begin PBXSourcesBuildPhase section */
		F199D7E12BF8D58D001759EA /* Sources */ = {
			isa = PBXSourcesBuildPhase;
			buildActionMask = 2147483647;
			files = (
				F199D7FB2BF8DD2B001759EA /* PreviewData.swift in Sources */,
				F1D42A212BFAC47A00BC245F /* TransactionList.swift in Sources */,
				F19B0F8D2BF950EE00315E9E /* RecentTransactionList.swift in Sources */,
				F199D7F92BF8DA72001759EA /* TransactionModel.swift in Sources */,
				F199D7EB2BF8D58D001759EA /* ContentView.swift in Sources */,
				F199D7FD2BF8F199001759EA /* TransactionRow.swift in Sources */,
				F199D7F72BF8D747001759EA /* Extensions.swift in Sources */,
				F199D8022BF913ED001759EA /* TransactionListViewModel.swift in Sources */,
				F199D7E92BF8D58D001759EA /* SwiftExpenseTrackerApp.swift in Sources */,
				F14CB95C2BFB8D64001CBEF9 /* TransactionDetail.swift in Sources */,
			);
			runOnlyForDeploymentPostprocessing = 0;
		};
/* End PBXSourcesBuildPhase section */

/* Begin XCBuildConfiguration section */
		F199D7F12BF8D58F001759EA /* Debug */ = {
			isa = XCBuildConfiguration;
			buildSettings = {
				ALWAYS_SEARCH_USER_PATHS = NO;
				ASSETCATALOG_COMPILER_GENERATE_SWIFT_ASSET_SYMBOL_EXTENSIONS = YES;
				CLANG_ANALYZER_NONNULL = YES;
				CLANG_ANALYZER_NUMBER_OBJECT_CONVERSION = YES_AGGRESSIVE;
				CLANG_CXX_LANGUAGE_STANDARD = "gnu++20";
				CLANG_ENABLE_MODULES = YES;
				CLANG_ENABLE_OBJC_ARC = YES;
				CLANG_ENABLE_OBJC_WEAK = YES;
				CLANG_WARN_BLOCK_CAPTURE_AUTORELEASING = YES;
				CLANG_WARN_BOOL_CONVERSION = YES;
				CLANG_WARN_COMMA = YES;
				CLANG_WARN_CONSTANT_CONVERSION = YES;
				CLANG_WARN_DEPRECATED_OBJC_IMPLEMENTATIONS = YES;
				CLANG_WARN_DIRECT_OBJC_ISA_USAGE = YES_ERROR;
				CLANG_WARN_DOCUMENTATION_COMMENTS = YES;
				CLANG_WARN_EMPTY_BODY = YES;
				CLANG_WARN_ENUM_CONVERSION = YES;
				CLANG_WARN_INFINITE_RECURSION = YES;
				CLANG_WARN_INT_CONVERSION = YES;
				CLANG_WARN_NON_LITERAL_NULL_CONVERSION = YES;
				CLANG_WARN_OBJC_IMPLICIT_RETAIN_SELF = YES;
				CLANG_WARN_OBJC_LITERAL_CONVERSION = YES;
				CLANG_WARN_OBJC_ROOT_CLASS = YES_ERROR;
				CLANG_WARN_QUOTED_INCLUDE_IN_FRAMEWORK_HEADER = YES;
				CLANG_WARN_RANGE_LOOP_ANALYSIS = YES;
				CLANG_WARN_STRICT_PROTOTYPES = YES;
				CLANG_WARN_SUSPICIOUS_MOVE = YES;
				CLANG_WARN_UNGUARDED_AVAILABILITY = YES_AGGRESSIVE;
				CLANG_WARN_UNREACHABLE_CODE = YES;
				CLANG_WARN__DUPLICATE_METHOD_MATCH = YES;
				COPY_PHASE_STRIP = NO;
				DEBUG_INFORMATION_FORMAT = dwarf;
				ENABLE_STRICT_OBJC_MSGSEND = YES;
				ENABLE_TESTABILITY = YES;
				ENABLE_USER_SCRIPT_SANDBOXING = YES;
				GCC_C_LANGUAGE_STANDARD = gnu17;
				GCC_DYNAMIC_NO_PIC = NO;
				GCC_NO_COMMON_BLOCKS = YES;
				GCC_OPTIMIZATION_LEVEL = 0;
				GCC_PREPROCESSOR_DEFINITIONS = (
					"DEBUG=1",
					"$(inherited)",
				);
				GCC_WARN_64_TO_32_BIT_CONVERSION = YES;
				GCC_WARN_ABOUT_RETURN_TYPE = YES_ERROR;
				GCC_WARN_UNDECLARED_SELECTOR = YES;
				GCC_WARN_UNINITIALIZED_AUTOS = YES_AGGRESSIVE;
				GCC_WARN_UNUSED_FUNCTION = YES;
				GCC_WARN_UNUSED_VARIABLE = YES;
				IPHONEOS_DEPLOYMENT_TARGET = 17.5;
				LOCALIZATION_PREFERS_STRING_CATALOGS = YES;
				MTL_ENABLE_DEBUG_INFO = INCLUDE_SOURCE;
				MTL_FAST_MATH = YES;
				ONLY_ACTIVE_ARCH = YES;
				SDKROOT = iphoneos;
				SWIFT_ACTIVE_COMPILATION_CONDITIONS = "DEBUG $(inherited)";
				SWIFT_OPTIMIZATION_LEVEL = "-Onone";
			};
			name = Debug;
		};
		F199D7F22BF8D58F001759EA /* Release */ = {
			isa = XCBuildConfiguration;
			buildSettings = {
				ALWAYS_SEARCH_USER_PATHS = NO;
				ASSETCATALOG_COMPILER_GENERATE_SWIFT_ASSET_SYMBOL_EXTENSIONS = YES;
				CLANG_ANALYZER_NONNULL = YES;
				CLANG_ANALYZER_NUMBER_OBJECT_CONVERSION = YES_AGGRESSIVE;
				CLANG_CXX_LANGUAGE_STANDARD = "gnu++20";
				CLANG_ENABLE_MODULES = YES;
				CLANG_ENABLE_OBJC_ARC = YES;
				CLANG_ENABLE_OBJC_WEAK = YES;
				CLANG_WARN_BLOCK_CAPTURE_AUTORELEASING = YES;
				CLANG_WARN_BOOL_CONVERSION = YES;
				CLANG_WARN_COMMA = YES;
				CLANG_WARN_CONSTANT_CONVERSION = YES;
				CLANG_WARN_DEPRECATED_OBJC_IMPLEMENTATIONS = YES;
				CLANG_WARN_DIRECT_OBJC_ISA_USAGE = YES_ERROR;
				CLANG_WARN_DOCUMENTATION_COMMENTS = YES;
				CLANG_WARN_EMPTY_BODY = YES;
				CLANG_WARN_ENUM_CONVERSION = YES;
				CLANG_WARN_INFINITE_RECURSION = YES;
				CLANG_WARN_INT_CONVERSION = YES;
				CLANG_WARN_NON_LITERAL_NULL_CONVERSION = YES;
				CLANG_WARN_OBJC_IMPLICIT_RETAIN_SELF = YES;
				CLANG_WARN_OBJC_LITERAL_CONVERSION = YES;
				CLANG_WARN_OBJC_ROOT_CLASS = YES_ERROR;
				CLANG_WARN_QUOTED_INCLUDE_IN_FRAMEWORK_HEADER = YES;
				CLANG_WARN_RANGE_LOOP_ANALYSIS = YES;
				CLANG_WARN_STRICT_PROTOTYPES = YES;
				CLANG_WARN_SUSPICIOUS_MOVE = YES;
				CLANG_WARN_UNGUARDED_AVAILABILITY = YES_AGGRESSIVE;
				CLANG_WARN_UNREACHABLE_CODE = YES;
				CLANG_WARN__DUPLICATE_METHOD_MATCH = YES;
				COPY_PHASE_STRIP = NO;
				DEBUG_INFORMATION_FORMAT = "dwarf-with-dsym";
				ENABLE_NS_ASSERTIONS = NO;
				ENABLE_STRICT_OBJC_MSGSEND = YES;
				ENABLE_USER_SCRIPT_SANDBOXING = YES;
				GCC_C_LANGUAGE_STANDARD = gnu17;
				GCC_NO_COMMON_BLOCKS = YES;
				GCC_WARN_64_TO_32_BIT_CONVERSION = YES;
				GCC_WARN_ABOUT_RETURN_TYPE = YES_ERROR;
				GCC_WARN_UNDECLARED_SELECTOR = YES;
				GCC_WARN_UNINITIALIZED_AUTOS = YES_AGGRESSIVE;
				GCC_WARN_UNUSED_FUNCTION = YES;
				GCC_WARN_UNUSED_VARIABLE = YES;
				IPHONEOS_DEPLOYMENT_TARGET = 17.5;
				LOCALIZATION_PREFERS_STRING_CATALOGS = YES;
				MTL_ENABLE_DEBUG_INFO = NO;
				MTL_FAST_MATH = YES;
				SDKROOT = iphoneos;
				SWIFT_COMPILATION_MODE = wholemodule;
				VALIDATE_PRODUCT = YES;
			};
			name = Release;
		};
		F199D7F42BF8D58F001759EA /* Debug */ = {
			isa = XCBuildConfiguration;
			buildSettings = {
				ASSETCATALOG_COMPILER_APPICON_NAME = AppIcon;
				ASSETCATALOG_COMPILER_GLOBAL_ACCENT_COLOR_NAME = AccentColor;
				CODE_SIGN_STYLE = Automatic;
				CURRENT_PROJECT_VERSION = 1;
				DEVELOPMENT_ASSET_PATHS = "\"SwiftExpenseTracker/Preview Content\"";
				DEVELOPMENT_TEAM = 63563A8HCB;
				ENABLE_PREVIEWS = YES;
				GENERATE_INFOPLIST_FILE = YES;
				INFOPLIST_KEY_UIApplicationSceneManifest_Generation = YES;
				INFOPLIST_KEY_UIApplicationSupportsIndirectInputEvents = YES;
				INFOPLIST_KEY_UILaunchScreen_Generation = YES;
				INFOPLIST_KEY_UISupportedInterfaceOrientations_iPad = "UIInterfaceOrientationPortrait UIInterfaceOrientationPortraitUpsideDown UIInterfaceOrientationLandscapeLeft UIInterfaceOrientationLandscapeRight";
				INFOPLIST_KEY_UISupportedInterfaceOrientations_iPhone = "UIInterfaceOrientationPortrait UIInterfaceOrientationLandscapeLeft UIInterfaceOrientationLandscapeRight";
				LD_RUNPATH_SEARCH_PATHS = (
					"$(inherited)",
					"@executable_path/Frameworks",
				);
				MARKETING_VERSION = 1.0;
				PRODUCT_BUNDLE_IDENTIFIER = com.andrescampuzano.SwiftExpenseTracker;
				PRODUCT_NAME = "$(TARGET_NAME)";
				SWIFT_EMIT_LOC_STRINGS = YES;
				SWIFT_VERSION = 5.0;
				TARGETED_DEVICE_FAMILY = "1,2";
			};
			name = Debug;
		};
		F199D7F52BF8D58F001759EA /* Release */ = {
			isa = XCBuildConfiguration;
			buildSettings = {
				ASSETCATALOG_COMPILER_APPICON_NAME = AppIcon;
				ASSETCATALOG_COMPILER_GLOBAL_ACCENT_COLOR_NAME = AccentColor;
				CODE_SIGN_STYLE = Automatic;
				CURRENT_PROJECT_VERSION = 1;
				DEVELOPMENT_ASSET_PATHS = "\"SwiftExpenseTracker/Preview Content\"";
				DEVELOPMENT_TEAM = 63563A8HCB;
				ENABLE_PREVIEWS = YES;
				GENERATE_INFOPLIST_FILE = YES;
				INFOPLIST_KEY_UIApplicationSceneManifest_Generation = YES;
				INFOPLIST_KEY_UIApplicationSupportsIndirectInputEvents = YES;
				INFOPLIST_KEY_UILaunchScreen_Generation = YES;
				INFOPLIST_KEY_UISupportedInterfaceOrientations_iPad = "UIInterfaceOrientationPortrait UIInterfaceOrientationPortraitUpsideDown UIInterfaceOrientationLandscapeLeft UIInterfaceOrientationLandscapeRight";
				INFOPLIST_KEY_UISupportedInterfaceOrientations_iPhone = "UIInterfaceOrientationPortrait UIInterfaceOrientationLandscapeLeft UIInterfaceOrientationLandscapeRight";
				LD_RUNPATH_SEARCH_PATHS = (
					"$(inherited)",
					"@executable_path/Frameworks",
				);
				MARKETING_VERSION = 1.0;
				PRODUCT_BUNDLE_IDENTIFIER = com.andrescampuzano.SwiftExpenseTracker;
				PRODUCT_NAME = "$(TARGET_NAME)";
				SWIFT_EMIT_LOC_STRINGS = YES;
				SWIFT_VERSION = 5.0;
				TARGETED_DEVICE_FAMILY = "1,2";
			};
			name = Release;
		};
/* End XCBuildConfiguration section */

/* Begin XCConfigurationList section */
		F199D7E02BF8D58D001759EA /* Build configuration list for PBXProject "SwiftExpenseTracker" */ = {
			isa = XCConfigurationList;
			buildConfigurations = (
				F199D7F12BF8D58F001759EA /* Debug */,
				F199D7F22BF8D58F001759EA /* Release */,
			);
			defaultConfigurationIsVisible = 0;
			defaultConfigurationName = Release;
		};
		F199D7F32BF8D58F001759EA /* Build configuration list for PBXNativeTarget "SwiftExpenseTracker" */ = {
			isa = XCConfigurationList;
			buildConfigurations = (
				F199D7F42BF8D58F001759EA /* Debug */,
				F199D7F52BF8D58F001759EA /* Release */,
			);
			defaultConfigurationIsVisible = 0;
			defaultConfigurationName = Release;
		};
/* End XCConfigurationList section */

/* Begin XCRemoteSwiftPackageReference section */
		F199D7FE2BF9002F001759EA /* XCRemoteSwiftPackageReference "SwiftUIFontIcon" */ = {
			isa = XCRemoteSwiftPackageReference;
			repositoryURL = "https://github.com/huybuidac/SwiftUIFontIcon";
			requirement = {
				branch = master;
				kind = branch;
			};
		};
		F1D42A222BFAD09700BC245F /* XCRemoteSwiftPackageReference "swift-collections" */ = {
			isa = XCRemoteSwiftPackageReference;
			repositoryURL = "https://github.com/apple/swift-collections.git";
			requirement = {
				kind = upToNextMajorVersion;
				minimumVersion = 1.1.0;
			};
		};
/* End XCRemoteSwiftPackageReference section */

/* Begin XCSwiftPackageProductDependency section */
		F199D7FF2BF9002F001759EA /* SwiftUIFontIcon */ = {
			isa = XCSwiftPackageProductDependency;
			package = F199D7FE2BF9002F001759EA /* XCRemoteSwiftPackageReference "SwiftUIFontIcon" */;
			productName = SwiftUIFontIcon;
		};
		F1D42A232BFAD09700BC245F /* Collections */ = {
			isa = XCSwiftPackageProductDependency;
			package = F1D42A222BFAD09700BC245F /* XCRemoteSwiftPackageReference "swift-collections" */;
			productName = Collections;
		};
/* End XCSwiftPackageProductDependency section */
	};
	rootObject = F199D7DD2BF8D58D001759EA /* Project object */;
}
